
Microsoft Visual Studio Solution File, Format Version 12.00
# Visual Studio Version 16
VisualStudioVersion = 16.0.29123.88
MinimumVisualStudioVersion = 10.0.40219.1
Project("{FAE04EC0-301F-11D3-BF4B-00C04F79EFBC}") = "SingletonExample", "SingletonExample\SingletonExample.csproj", "{EDA38B0C-9394-40AF-B7A7-53C9746878B2}"
EndProject
Global
	GlobalSection(SolutionConfigurationPlatforms) = preSolution
		Debug|Any CPU = Debug|Any CPU
		Release|Any CPU = Release|Any CPU
	EndGlobalSection
	GlobalSection(ProjectConfigurationPlatforms) = postSolution
		{EDA38B0C-9394-40AF-B7A7-53C9746878B2}.Debug|Any CPU.ActiveCfg = Debug|Any CPU
		{EDA38B0C-9394-40AF-B7A7-53C9746878B2}.Debug|Any CPU.Build.0 = Debug|Any CPU
		{EDA38B0C-9394-40AF-B7A7-53C9746878B2}.Release|Any CPU.ActiveCfg = Release|Any CPU
		{EDA38B0C-9394-40AF-B7A7-53C9746878B2}.Release|Any CPU.Build.0 = Release|Any CPU
	EndGlobalSection
	GlobalSection(SolutionProperties) = preSolution
		HideSolutionNode = FALSE
	EndGlobalSection
	GlobalSection(ExtensibilityGlobals) = postSolution
		SolutionGuid = {B3FC1E3F-39A0-4476-8355-E77EF65F8D8C}
	EndGlobalSection
EndGlobal
